<?xml version="1.0" encoding="utf-8"?>
<Project ToolsVersion="4.0" xmlns="http://schemas.microsoft.com/developer/msbuild/2003">
  <ItemGroup>
    <Filter Include="Source Files">
      <UniqueIdentifier>{4FC737F1-C7A5-4376-A066-2A32D752A2FF}</UniqueIdentifier>
      <Extensions>cpp;c;cc;cxx;def;odl;idl;hpj;bat;asm;asmx</Extensions>
    </Filter>
    <Filter Include="Header Files">
      <UniqueIdentifier>{93995380-89BD-4b04-88EB-625FBE52EBFB}</UniqueIdentifier>
      <Extensions>h;hpp;hxx;hm;inl;inc;xsd</Extensions>
    </Filter>
  </ItemGroup>
  <ItemGroup>
    <ClCompile Include="sources\appl.cpp">
      <Filter>Source Files</Filter>
    </ClCompile>
    <ClCompile Include="sources\CEvent.cpp">
      <Filter>Source Files</Filter>
    </ClCompile>
    <ClCompile Include="sources\CFPS.cpp">
      <Filter>Source Files</Filter>
    </ClCompile>
    <ClCompile Include="sources\global.cpp">
      <Filter>Source Files</Filter>
    </ClCompile>
    <ClCompile Include="sources\main.cpp">
      <Filter>Source Files</Filter>
    </ClCompile>
    <ClCompile Include="sources\main_LoadOpenGl.cpp">
      <Filter>Source Files</Filter>
    </ClCompile>
    <ClCompile Include="sources\main_LoadSDL.cpp">
      <Filter>Source Files</Filter>
    </ClCompile>
    <ClCompile Include="sources\MyApplication.cpp">
      <Filter>Source Files</Filter>
    </ClCompile>
    <ClCompile Include="sources\Render.cpp">
      <Filter>Source Files</Filter>
    </ClCompile>
    <ClCompile Include="sources\Sprite.cpp">
      <Filter>Source Files</Filter>
    </ClCompile>
    <ClCompile Include="sources\WordStateMenu.cpp">
      <Filter>Source Files</Filter>
    </ClCompile>
    <ClCompile Include="sources\WordStateCutter.cpp">
      <Filter>Source Files</Filter>
    </ClCompile>
    <ClCompile Include="sources\StatisticsHandler.cpp">
      <Filter>Source Files</Filter>
    </ClCompile>
    <ClCompile Include="sources\Writter.cpp">
      <Filter>Source Files</Filter>
    </ClCompile>
    <ClCompile Include="sources\VertexSprite.cpp">
      <Filter>Source Files</Filter>
    </ClCompile>
    <ClCompile Include="sources\WordStateCandy.cpp">
      <Filter>Source Files</Filter>
    </ClCompile>
  </ItemGroup>
  <ItemGroup>
    <ClInclude Include="sources\wglext.h">
      <Filter>Source Files</Filter>
    </ClInclude>
    <ClInclude Include="sources\appl.h">
      <Filter>Header Files</Filter>
    </ClInclude>
    <ClInclude Include="sources\CEvent.h">
      <Filter>Header Files</Filter>
    </ClInclude>
    <ClInclude Include="sources\CFPS.h">
      <Filter>Header Files</Filter>
    </ClInclude>
    <ClInclude Include="sources\global.h">
      <Filter>Header Files</Filter>
    </ClInclude>
    <ClInclude Include="sources\main.h">
      <Filter>Header Files</Filter>
    </ClInclude>
    <ClInclude Include="sources\MyApplication.h">
      <Filter>Header Files</Filter>
    </ClInclude>
    <ClInclude Include="sources\Render.h">
      <Filter>Header Files</Filter>
    </ClInclude>
    <ClInclude Include="sources\Sprite.h">
      <Filter>Header Files</Filter>
    </ClInclude>
    <ClInclude Include="sources\WordState.h">
      <Filter>Header Files</Filter>
    </ClInclude>
    <ClInclude Include="sources\WordStateMenu.h">
      <Filter>Header Files</Filter>
    </ClInclude>
    <ClInclude Include="sources\WordStateCutter.h">
      <Filter>Header Files</Filter>
    </ClInclude>
    <ClInclude Include="sources\StatisticsHandler.h">
      <Filter>Header Files</Filter>
    </ClInclude>
    <ClInclude Include="sources\Writter.h">
      <Filter>Header Files</Filter>
    </ClInclude>
    <ClInclude Include="sources\VertexSprite.h">
      <Filter>Header Files</Filter>
    </ClInclude>
    <ClInclude Include="sources\WordStateCandy.h">
      <Filter>Header Files</Filter>
    </ClInclude>
  </ItemGroup>
</Project>